# @generated - this file is auto-generated by `mise lock` https://mise.jdx.dev/dev-tools/mise-lock.html

[[tools.python]]
version = "3.12.13"
backend = "core:python"

[tools.python."platforms.linux-arm64"]
checksum = "sha256:f226576b91491ffa5739aa85726521e9031f4d87f80627d64ed348ac77cb31e9"
url = "https://github.com/astral-sh/python-build-standalone/releases/download/20260718/cpython-3.12.13+20260718-aarch64-unknown-linux-gnu-install_only_stripped.tar.gz"
provenance = "github-attestations"

[tools.python."platforms.linux-x64"]
checksum = "sha256:5854aa6ec71cad00334d5065633c210b2e7feb40956767a59a91791cadcf0b79"
url = "https://github.com/astral-sh/python-build-standalone/releases/download/20260718/cpython-3.12.13+20260718-x86_64-unknown-linux-gnu-install_only_stripped.tar.gz"
provenance = "github-attestations"
